
Microsoft Visual Studio Solution File, Format Version 12.00
# Visual Studio Version 17
VisualStudioVersion = 17.9.34701.34
MinimumVisualStudioVersion = 10.0.40219.1
Project("{FAE04EC0-301F-11D3-BF4B-00C04F79EFBC}") = "AzureBlobStorage", "AzureBlobStorage\AzureBlobStorage.csproj", "{97114E9F-FE7B-4919-B4F9-5DFAC3FF1DC9}"
EndProject
Global
	GlobalSection(SolutionConfigurationPlatforms) = preSolution
		Debug|Any CPU = Debug|Any CPU
		Release|Any CPU = Release|Any CPU
	EndGlobalSection
	GlobalSection(ProjectConfigurationPlatforms) = postSolution
		{97114E9F-FE7B-4919-B4F9-5DFAC3FF1DC9}.Debug|Any CPU.ActiveCfg = Debug|Any CPU
		{97114E9F-FE7B-4919-B4F9-5DFAC3FF1DC9}.Debug|Any CPU.Build.0 = Debug|Any CPU
		{97114E9F-FE7B-4919-B4F9-5DFAC3FF1DC9}.Release|Any CPU.ActiveCfg = Release|Any CPU
		{97114E9F-FE7B-4919-B4F9-5DFAC3FF1DC9}.Release|Any CPU.Build.0 = Release|Any CPU
	EndGlobalSection
	GlobalSection(SolutionProperties) = preSolution
		HideSolutionNode = FALSE
	EndGlobalSection
	GlobalSection(ExtensibilityGlobals) = postSolution
		SolutionGuid = {6CAF543B-486C-4EC8-AF23-F4D76E5CE950}
	EndGlobalSection
EndGlobal
